
Microsoft Visual Studio Solution File, Format Version 12.00
# Visual Studio Version 17
VisualStudioVersion = 17.14.35906.104 d17.14
MinimumVisualStudioVersion = 10.0.40219.1
Project("{FAE04EC0-301F-11D3-BF4B-00C04F79EFBC}") = "Tlinky.AdminWeb", "Tlinky.AdminWeb.csproj", "{251A93D1-A417-471D-9F10-7C8FB65A5170}"
EndProject
Global
	GlobalSection(SolutionConfigurationPlatforms) = preSolution
		Debug|Any CPU = Debug|Any CPU
		Release|Any CPU = Release|Any CPU
	EndGlobalSection
	GlobalSection(ProjectConfigurationPlatforms) = postSolution
		{251A93D1-A417-471D-9F10-7C8FB65A5170}.Debug|Any CPU.ActiveCfg = Debug|Any CPU
		{251A93D1-A417-471D-9F10-7C8FB65A5170}.Debug|Any CPU.Build.0 = Debug|Any CPU
		{251A93D1-A417-471D-9F10-7C8FB65A5170}.Release|Any CPU.ActiveCfg = Release|Any CPU
		{251A93D1-A417-471D-9F10-7C8FB65A5170}.Release|Any CPU.Build.0 = Release|Any CPU
	EndGlobalSection
	GlobalSection(SolutionProperties) = preSolution
		HideSolutionNode = FALSE
	EndGlobalSection
	GlobalSection(ExtensibilityGlobals) = postSolution
		SolutionGuid = {7BBC8370-F871-4295-8F63-CE74D95058D0}
	EndGlobalSection
EndGlobal
